
Microsoft Visual Studio Solution File, Format Version 12.00
# Visual Studio Version 16
VisualStudioVersion = 16.0.29806.167
MinimumVisualStudioVersion = 10.0.40219.1
Project("{8BC9CEB8-8B4A-11D0-8D11-00A0C91BC942}") = "LineList", "LineList\LineList.vcxproj", "{7E3D9511-03A5-40E3-840A-86F04C0E5636}"
EndProject
Project("{8BC9CEB8-8B4A-11D0-8D11-00A0C91BC942}") = "dllOutput", "dllOutput\dllOutput.vcxproj", "{E9EF6E3E-EFF2-4B08-AB30-8C7183BD1297}"
EndProject
Global
	GlobalSection(SolutionConfigurationPlatforms) = preSolution
		Debug|x64 = Debug|x64
		Debug|x86 = Debug|x86
		Release|x64 = Release|x64
		Release|x86 = Release|x86
	EndGlobalSection
	GlobalSection(ProjectConfigurationPlatforms) = postSolution
		{7E3D9511-03A5-40E3-840A-86F04C0E5636}.Debug|x64.ActiveCfg = Debug|x64
		{7E3D9511-03A5-40E3-840A-86F04C0E5636}.Debug|x64.Build.0 = Debug|x64
		{7E3D9511-03A5-40E3-840A-86F04C0E5636}.Debug|x86.ActiveCfg = Debug|Win32
		{7E3D9511-03A5-40E3-840A-86F04C0E5636}.Debug|x86.Build.0 = Debug|Win32
		{7E3D9511-03A5-40E3-840A-86F04C0E5636}.Release|x64.ActiveCfg = Release|x64
		{7E3D9511-03A5-40E3-840A-86F04C0E5636}.Release|x64.Build.0 = Release|x64
		{7E3D9511-03A5-40E3-840A-86F04C0E5636}.Release|x86.ActiveCfg = Release|Win32
		{7E3D9511-03A5-40E3-840A-86F04C0E5636}.Release|x86.Build.0 = Release|Win32
		{E9EF6E3E-EFF2-4B08-AB30-8C7183BD1297}.Debug|x64.ActiveCfg = Debug|x64
		{E9EF6E3E-EFF2-4B08-AB30-8C7183BD1297}.Debug|x64.Build.0 = Debug|x64
		{E9EF6E3E-EFF2-4B08-AB30-8C7183BD1297}.Debug|x86.ActiveCfg = Debug|Win32
		{E9EF6E3E-EFF2-4B08-AB30-8C7183BD1297}.Debug|x86.Build.0 = Debug|Win32
		{E9EF6E3E-EFF2-4B08-AB30-8C7183BD1297}.Release|x64.ActiveCfg = Release|x64
		{E9EF6E3E-EFF2-4B08-AB30-8C7183BD1297}.Release|x64.Build.0 = Release|x64
		{E9EF6E3E-EFF2-4B08-AB30-8C7183BD1297}.Release|x86.ActiveCfg = Release|Win32
		{E9EF6E3E-EFF2-4B08-AB30-8C7183BD1297}.Release|x86.Build.0 = Release|Win32
	EndGlobalSection
	GlobalSection(SolutionProperties) = preSolution
		HideSolutionNode = FALSE
	EndGlobalSection
	GlobalSection(ExtensibilityGlobals) = postSolution
		SolutionGuid = {3D58A0C2-CE0D-462F-924E-ECAECA405705}
	EndGlobalSection
EndGlobal
